
Microsoft Visual Studio Solution File, Format Version 12.00
# Visual Studio 15
VisualStudioVersion = 15.0.28010.2046
MinimumVisualStudioVersion = 10.0.40219.1
Project("{FAE04EC0-301F-11D3-BF4B-00C04F79EFBC}") = "Main", "Main\Main.csproj", "{FDE5DC2F-3487-4902-940E-8C77E8006099}"
EndProject
Project("{FAE04EC0-301F-11D3-BF4B-00C04F79EFBC}") = "Wiedzmak", "Wiedzmak\Wiedzmak.csproj", "{3B92BE9F-FE52-4CF3-8D7D-040D62A48C0A}"
EndProject
Project("{FAE04EC0-301F-11D3-BF4B-00C04F79EFBC}") = "BPostacie", "BPotwory\BPostacie.csproj", "{A554D4C7-AEDE-40E5-A228-0420F2EEB237}"
EndProject
Global
	GlobalSection(SolutionConfigurationPlatforms) = preSolution
		Debug|Any CPU = Debug|Any CPU
		Release|Any CPU = Release|Any CPU
	EndGlobalSection
	GlobalSection(ProjectConfigurationPlatforms) = postSolution
		{FDE5DC2F-3487-4902-940E-8C77E8006099}.Debug|Any CPU.ActiveCfg = Debug|Any CPU
		{FDE5DC2F-3487-4902-940E-8C77E8006099}.Debug|Any CPU.Build.0 = Debug|Any CPU
		{FDE5DC2F-3487-4902-940E-8C77E8006099}.Release|Any CPU.ActiveCfg = Release|Any CPU
		{FDE5DC2F-3487-4902-940E-8C77E8006099}.Release|Any CPU.Build.0 = Release|Any CPU
		{3B92BE9F-FE52-4CF3-8D7D-040D62A48C0A}.Debug|Any CPU.ActiveCfg = Debug|Any CPU
		{3B92BE9F-FE52-4CF3-8D7D-040D62A48C0A}.Debug|Any CPU.Build.0 = Debug|Any CPU
		{3B92BE9F-FE52-4CF3-8D7D-040D62A48C0A}.Release|Any CPU.ActiveCfg = Release|Any CPU
		{3B92BE9F-FE52-4CF3-8D7D-040D62A48C0A}.Release|Any CPU.Build.0 = Release|Any CPU
		{A554D4C7-AEDE-40E5-A228-0420F2EEB237}.Debug|Any CPU.ActiveCfg = Debug|Any CPU
		{A554D4C7-AEDE-40E5-A228-0420F2EEB237}.Debug|Any CPU.Build.0 = Debug|Any CPU
		{A554D4C7-AEDE-40E5-A228-0420F2EEB237}.Release|Any CPU.ActiveCfg = Release|Any CPU
		{A554D4C7-AEDE-40E5-A228-0420F2EEB237}.Release|Any CPU.Build.0 = Release|Any CPU
	EndGlobalSection
	GlobalSection(SolutionProperties) = preSolution
		HideSolutionNode = FALSE
	EndGlobalSection
	GlobalSection(ExtensibilityGlobals) = postSolution
		SolutionGuid = {BA4FD304-C35B-4635-9BAB-0D55A61FC62D}
	EndGlobalSection
EndGlobal
